// !$*UTF8*$!
{
	archiveVersion = 1;
	classes = {
	};
	objectVersion = 52;
	objects = {

/* Begin PBXBuildFile section */
		153FB8C02CCCC43C00709EAC /* CenterSlide.swift in Sources */ = {isa = PBXBuildFile; fileRef = 153FB8BF2CCCC43C00709EAC /* CenterSlide.swift */; };
		1594FF3B2CBD393400215B4A /* SelfIntroductionSlide.swift in Sources */ = {isa = PBXBuildFile; fileRef = 1594FF3A2CBD393400215B4A /* SelfIntroductionSlide.swift */; };
		1594FF3D2CBD3B1900215B4A /* Assets.xcassets in Resources */ = {isa = PBXBuildFile; fileRef = 15AB41A82CBD2A8500DC77F4 /* Assets.xcassets */; };
		15AB419E2CBCD0D900DC77F4 /* IntroductionSlide1.swift in Sources */ = {isa = PBXBuildFile; fileRef = 15AB419D2CBCD0D900DC77F4 /* IntroductionSlide1.swift */; };
		15AB41A22CBCD72700DC77F4 /* TitleSlide.swift in Sources */ = {isa = PBXBuildFile; fileRef = 15AB41A12CBCD72700DC77F4 /* TitleSlide.swift */; };
		15AB41A62CBCDB8800DC77F4 /* CustomizedSlide.swift in Sources */ = {isa = PBXBuildFile; fileRef = 15AB41A52CBCDB8800DC77F4 /* CustomizedSlide.swift */; };
		15BDD9322CCCF8B40003D1DB /* IntroductionSlide2.swift in Sources */ = {isa = PBXBuildFile; fileRef = 15BDD9312CCCF8B40003D1DB /* IntroductionSlide2.swift */; };
		15BDD93A2CCDCD520003D1DB /* OverviewSlide.swift in Sources */ = {isa = PBXBuildFile; fileRef = 15BDD9392CCDCD520003D1DB /* OverviewSlide.swift */; };
		15BDD93C2CCDD02E0003D1DB /* MacOSCameraToJPGSlide1.swift in Sources */ = {isa = PBXBuildFile; fileRef = 15BDD93B2CCDD02E0003D1DB /* MacOSCameraToJPGSlide1.swift */; };
		15BDD9442CCF2D830003D1DB /* TwitterDanmakuViewController.swift in Sources */ = {isa = PBXBuildFile; fileRef = 15BDD9432CCF2D830003D1DB /* TwitterDanmakuViewController.swift */; };
		15BDD9472CCF883C0003D1DB /* SwiftSoup in Frameworks */ = {isa = PBXBuildFile; productRef = 15BDD9462CCF883C0003D1DB /* SwiftSoup */; };
		15BDD94A2CCFA8430003D1DB /* TweetInfo.swift in Sources */ = {isa = PBXBuildFile; fileRef = 15BDD9492CCFA8430003D1DB /* TweetInfo.swift */; };
		15DE46242CD0DFCA008AA8EF /* MacOSCameraToJPGSlide2.swift in Sources */ = {isa = PBXBuildFile; fileRef = 15DE46232CD0DFCA008AA8EF /* MacOSCameraToJPGSlide2.swift */; };
		15DE46262CD0EE64008AA8EF /* DisplayImageFromSimSlide.swift in Sources */ = {isa = PBXBuildFile; fileRef = 15DE46252CD0EE64008AA8EF /* DisplayImageFromSimSlide.swift */; };
		15DE46282CD1185A008AA8EF /* TaskSlide.swift in Sources */ = {isa = PBXBuildFile; fileRef = 15DE46272CD1185A008AA8EF /* TaskSlide.swift */; };
		15DE462A2CD125E4008AA8EF /* SlideText.swift in Sources */ = {isa = PBXBuildFile; fileRef = 15DE46292CD125E4008AA8EF /* SlideText.swift */; };
		E12B38C2C668A6EBC4AA7840 /* SlideConfiguration.swift in Sources */ = {isa = PBXBuildFile; fileRef = 2519F22AB00801004A02D732 /* SlideConfiguration.swift */; };
		E72E8355844300F5A9BD6FF1 /* SlideKit in Frameworks */ = {isa = PBXBuildFile; productRef = AF9905DD1BC83BB7DC82D8E1 /* SlideKit */; };
		F369026F62A3146ACCD73B28 /* SimEyesApp.swift in Sources */ = {isa = PBXBuildFile; fileRef = 36F81C588A8D80A6E6C65AF8 /* SimEyesApp.swift */; };
/* End PBXBuildFile section */

/* Begin PBXFileReference section */
		0379A24BAF6762A255B62868 /* Info.plist */ = {isa = PBXFileReference; lastKnownFileType = text.plist; path = Info.plist; sourceTree = "<group>"; };
		153FB8BF2CCCC43C00709EAC /* CenterSlide.swift */ = {isa = PBXFileReference; lastKnownFileType = sourcecode.swift; path = CenterSlide.swift; sourceTree = "<group>"; };
		1594FF3A2CBD393400215B4A /* SelfIntroductionSlide.swift */ = {isa = PBXFileReference; lastKnownFileType = sourcecode.swift; path = SelfIntroductionSlide.swift; sourceTree = "<group>"; };
		15AB419D2CBCD0D900DC77F4 /* IntroductionSlide1.swift */ = {isa = PBXFileReference; lastKnownFileType = sourcecode.swift; path = IntroductionSlide1.swift; sourceTree = "<group>"; };
		15AB41A12CBCD72700DC77F4 /* TitleSlide.swift */ = {isa = PBXFileReference; lastKnownFileType = sourcecode.swift; path = TitleSlide.swift; sourceTree = "<group>"; };
		15AB41A52CBCDB8800DC77F4 /* CustomizedSlide.swift */ = {isa = PBXFileReference; lastKnownFileType = sourcecode.swift; path = CustomizedSlide.swift; sourceTree = "<group>"; };
		15AB41A82CBD2A8500DC77F4 /* Assets.xcassets */ = {isa = PBXFileReference; lastKnownFileType = folder.assetcatalog; path = Assets.xcassets; sourceTree = "<group>"; };
		15BDD9312CCCF8B40003D1DB /* IntroductionSlide2.swift */ = {isa = PBXFileReference; lastKnownFileType = sourcecode.swift; path = IntroductionSlide2.swift; sourceTree = "<group>"; };
		15BDD9392CCDCD520003D1DB /* OverviewSlide.swift */ = {isa = PBXFileReference; lastKnownFileType = sourcecode.swift; path = OverviewSlide.swift; sourceTree = "<group>"; };
		15BDD93B2CCDD02E0003D1DB /* MacOSCameraToJPGSlide1.swift */ = {isa = PBXFileReference; lastKnownFileType = sourcecode.swift; path = MacOSCameraToJPGSlide1.swift; sourceTree = "<group>"; };
		15BDD9432CCF2D830003D1DB /* TwitterDanmakuViewController.swift */ = {isa = PBXFileReference; lastKnownFileType = sourcecode.swift; path = TwitterDanmakuViewController.swift; sourceTree = "<group>"; };
		15BDD9492CCFA8430003D1DB /* TweetInfo.swift */ = {isa = PBXFileReference; lastKnownFileType = sourcecode.swift; path = TweetInfo.swift; sourceTree = "<group>"; };
		15DE46232CD0DFCA008AA8EF /* MacOSCameraToJPGSlide2.swift */ = {isa = PBXFileReference; lastKnownFileType = sourcecode.swift; path = MacOSCameraToJPGSlide2.swift; sourceTree = "<group>"; };
		15DE46252CD0EE64008AA8EF /* DisplayImageFromSimSlide.swift */ = {isa = PBXFileReference; lastKnownFileType = sourcecode.swift; path = DisplayImageFromSimSlide.swift; sourceTree = "<group>"; };
		15DE46272CD1185A008AA8EF /* TaskSlide.swift */ = {isa = PBXFileReference; lastKnownFileType = sourcecode.swift; path = TaskSlide.swift; sourceTree = "<group>"; };
		15DE46292CD125E4008AA8EF /* SlideText.swift */ = {isa = PBXFileReference; lastKnownFileType = sourcecode.swift; path = SlideText.swift; sourceTree = "<group>"; };
		2519F22AB00801004A02D732 /* SlideConfiguration.swift */ = {isa = PBXFileReference; lastKnownFileType = sourcecode.swift; path = SlideConfiguration.swift; sourceTree = "<group>"; };
		36F81C588A8D80A6E6C65AF8 /* SimEyesApp.swift */ = {isa = PBXFileReference; lastKnownFileType = sourcecode.swift; path = SimEyesApp.swift; sourceTree = "<group>"; };
		8C57C2BF2BAA9A4FDC59F493 /* SimEyes.app */ = {isa = PBXFileReference; explicitFileType = wrapper.application; includeInIndex = 0; path = SimEyes.app; sourceTree = BUILT_PRODUCTS_DIR; };
		EE1CA8BEDD06C796B730E855 /* SimEyes.entitlements */ = {isa = PBXFileReference; lastKnownFileType = text.plist.entitlements; path = SimEyes.entitlements; sourceTree = "<group>"; };
/* End PBXFileReference section */

/* Begin PBXFrameworksBuildPhase section */
		31B259D8B6A28E3E176F1FDB /* Frameworks */ = {
			isa = PBXFrameworksBuildPhase;
			buildActionMask = 2147483647;
			files = (
				E72E8355844300F5A9BD6FF1 /* SlideKit in Frameworks */,
				15BDD9472CCF883C0003D1DB /* SwiftSoup in Frameworks */,
			);
			runOnlyForDeploymentPostprocessing = 0;
		};
/* End PBXFrameworksBuildPhase section */

/* Begin PBXGroup section */
		153FB8C12CCCCD0300709EAC /* Custom */ = {
			isa = PBXGroup;
			children = (
				15AB41A52CBCDB8800DC77F4 /* CustomizedSlide.swift */,
				15DE46292CD125E4008AA8EF /* SlideText.swift */,
			);
			path = Custom;
			sourceTree = "<group>";
		};
		1594FF3E2CBD409A00215B4A /* Templates */ = {
			isa = PBXGroup;
			children = (
				153FB8BF2CCCC43C00709EAC /* CenterSlide.swift */,
			);
			path = Templates;
			sourceTree = "<group>";
		};
		15BDD9482CCFA3910003D1DB /* Danmaku */ = {
			isa = PBXGroup;
			children = (
				15BDD9492CCFA8430003D1DB /* TweetInfo.swift */,
				15BDD9432CCF2D830003D1DB /* TwitterDanmakuViewController.swift */,
			);
			path = Danmaku;
			sourceTree = "<group>";
		};
		1E57DB596D89A2372DE348F2 /* Products */ = {
			isa = PBXGroup;
			children = (
				8C57C2BF2BAA9A4FDC59F493 /* SimEyes.app */,
			);
			name = Products;
			sourceTree = "<group>";
		};
		74D2EC170C7528872B8A870E = {
			isa = PBXGroup;
			children = (
				D80A939884DD6624BC401660 /* SimEyes */,
				1E57DB596D89A2372DE348F2 /* Products */,
			);
			sourceTree = "<group>";
		};
		D80A939884DD6624BC401660 /* SimEyes */ = {
			isa = PBXGroup;
			children = (
				36F81C588A8D80A6E6C65AF8 /* SimEyesApp.swift */,
				2519F22AB00801004A02D732 /* SlideConfiguration.swift */,
				EE1CA8BEDD06C796B730E855 /* SimEyes.entitlements */,
				15AB41A82CBD2A8500DC77F4 /* Assets.xcassets */,
				0379A24BAF6762A255B62868 /* Info.plist */,
				F6198E11A7A93E87B0E8CAEF /* Slides */,
				153FB8C12CCCCD0300709EAC /* Custom */,
				1594FF3E2CBD409A00215B4A /* Templates */,
				15BDD9482CCFA3910003D1DB /* Danmaku */,
			);
			path = SimEyes;
			sourceTree = "<group>";
		};
		F6198E11A7A93E87B0E8CAEF /* Slides */ = {
			isa = PBXGroup;
			children = (
				15AB41A12CBCD72700DC77F4 /* TitleSlide.swift */,
				1594FF3A2CBD393400215B4A /* SelfIntroductionSlide.swift */,
				15AB419D2CBCD0D900DC77F4 /* IntroductionSlide1.swift */,
				15BDD9312CCCF8B40003D1DB /* IntroductionSlide2.swift */,
				15BDD9392CCDCD520003D1DB /* OverviewSlide.swift */,
				15BDD93B2CCDD02E0003D1DB /* MacOSCameraToJPGSlide1.swift */,
				15DE46232CD0DFCA008AA8EF /* MacOSCameraToJPGSlide2.swift */,
				15DE46252CD0EE64008AA8EF /* DisplayImageFromSimSlide.swift */,
				15DE46272CD1185A008AA8EF /* TaskSlide.swift */,
			);
			path = Slides;
			sourceTree = "<group>";
		};
/* End PBXGroup section */

/* Begin PBXNativeTarget section */
		A057934109BA2B11CE7D55BE /* SimEyes */ = {
			isa = PBXNativeTarget;
			buildConfigurationList = C77A43F83B7D6782DF16A27B /* Build configuration list for PBXNativeTarget "SimEyes" */;
			buildPhases = (
				529BDED22A186AD8F4763C8D /* Sources */,
				31B259D8B6A28E3E176F1FDB /* Frameworks */,
				1594FF3C2CBD3B0E00215B4A /* Resources */,
			);
			buildRules = (
			);
			dependencies = (
			);
			name = SimEyes;
			packageProductDependencies = (
				AF9905DD1BC83BB7DC82D8E1 /* SlideKit */,
				15BDD9462CCF883C0003D1DB /* SwiftSoup */,
			);
			productName = SimEyes;
			productReference = 8C57C2BF2BAA9A4FDC59F493 /* SimEyes.app */;
			productType = "com.apple.product-type.application";
		};
/* End PBXNativeTarget section */

/* Begin PBXProject section */
		B86837B4853A9646EB1B4C64 /* Project object */ = {
			isa = PBXProject;
			attributes = {
				LastUpgradeCheck = 1200;
			};
			buildConfigurationList = 137AB46DBACBDA66AEF4F6B4 /* Build configuration list for PBXProject "SimEyes" */;
			compatibilityVersion = "Xcode 11.0";
			developmentRegion = en;
			hasScannedForEncodings = 0;
			knownRegions = (
				Base,
				en,
			);
			mainGroup = 74D2EC170C7528872B8A870E;
			packageReferences = (
				39197CFBE2B8F8FF040B1994 /* XCRemoteSwiftPackageReference "SlideKit" */,
				15BDD9452CCF883C0003D1DB /* XCRemoteSwiftPackageReference "SwiftSoup" */,
			);
			projectDirPath = "";
			projectRoot = "";
			targets = (
				A057934109BA2B11CE7D55BE /* SimEyes */,
			);
		};
/* End PBXProject section */

/* Begin PBXResourcesBuildPhase section */
		1594FF3C2CBD3B0E00215B4A /* Resources */ = {
			isa = PBXResourcesBuildPhase;
			buildActionMask = 2147483647;
			files = (
				1594FF3D2CBD3B1900215B4A /* Assets.xcassets in Resources */,
			);
			runOnlyForDeploymentPostprocessing = 0;
		};
/* End PBXResourcesBuildPhase section */

/* Begin PBXSourcesBuildPhase section */
		529BDED22A186AD8F4763C8D /* Sources */ = {
			isa = PBXSourcesBuildPhase;
			buildActionMask = 2147483647;
			files = (
				15DE462A2CD125E4008AA8EF /* SlideText.swift in Sources */,
				15AB41A62CBCDB8800DC77F4 /* CustomizedSlide.swift in Sources */,
				15BDD93C2CCDD02E0003D1DB /* MacOSCameraToJPGSlide1.swift in Sources */,
				15BDD93A2CCDCD520003D1DB /* OverviewSlide.swift in Sources */,
				153FB8C02CCCC43C00709EAC /* CenterSlide.swift in Sources */,
				1594FF3B2CBD393400215B4A /* SelfIntroductionSlide.swift in Sources */,
				15BDD9322CCCF8B40003D1DB /* IntroductionSlide2.swift in Sources */,
				15DE46262CD0EE64008AA8EF /* DisplayImageFromSimSlide.swift in Sources */,
				15AB41A22CBCD72700DC77F4 /* TitleSlide.swift in Sources */,
				15AB419E2CBCD0D900DC77F4 /* IntroductionSlide1.swift in Sources */,
				15DE46282CD1185A008AA8EF /* TaskSlide.swift in Sources */,
				F369026F62A3146ACCD73B28 /* SimEyesApp.swift in Sources */,
				15BDD9442CCF2D830003D1DB /* TwitterDanmakuViewController.swift in Sources */,
				15DE46242CD0DFCA008AA8EF /* MacOSCameraToJPGSlide2.swift in Sources */,
				E12B38C2C668A6EBC4AA7840 /* SlideConfiguration.swift in Sources */,
				15BDD94A2CCFA8430003D1DB /* TweetInfo.swift in Sources */,
			);
			runOnlyForDeploymentPostprocessing = 0;
		};
/* End PBXSourcesBuildPhase section */

/* Begin XCBuildConfiguration section */
		0C3643AC8E324866A2C0921D /* Debug */ = {
			isa = XCBuildConfiguration;
			buildSettings = {
				ASSETCATALOG_COMPILER_APPICON_NAME = AppIcon;
				COMBINE_HIDPI_IMAGES = YES;
				CURRENT_PROJECT_VERSION = 1;
				INFOPLIST_FILE = SimEyes/Info.plist;
				LD_RUNPATH_SEARCH_PATHS = (
					"$(inherited)",
					"@executable_path/../Frameworks",
				);
				MACOSX_DEPLOYMENT_TARGET = 13.0;
				MARKETING_VERSION = 1.0.0;
				PRODUCT_BUNDLE_IDENTIFIER = com.github.mtj0928.SlideGen.SimEyes;
				SDKROOT = macosx;
				SUPPORTED_PLATFORMS = "iphoneos iphonesimulator macosx";
				SUPPORTS_MACCATALYST = NO;
				TARGETED_DEVICE_FAMILY = 2;
			};
			name = Debug;
		};
		3FEFA3DD16D73952DFB15DB5 /* Debug */ = {
			isa = XCBuildConfiguration;
			buildSettings = {
				ALWAYS_SEARCH_USER_PATHS = NO;
				CLANG_ANALYZER_NONNULL = YES;
				CLANG_ANALYZER_NUMBER_OBJECT_CONVERSION = YES_AGGRESSIVE;
				CLANG_CXX_LANGUAGE_STANDARD = "gnu++14";
				CLANG_CXX_LIBRARY = "libc++";
				CLANG_ENABLE_MODULES = YES;
				CLANG_ENABLE_OBJC_ARC = YES;
				CLANG_ENABLE_OBJC_WEAK = YES;
				CLANG_WARN_BLOCK_CAPTURE_AUTORELEASING = YES;
				CLANG_WARN_BOOL_CONVERSION = YES;
				CLANG_WARN_COMMA = YES;
				CLANG_WARN_CONSTANT_CONVERSION = YES;
				CLANG_WARN_DEPRECATED_OBJC_IMPLEMENTATIONS = YES;
				CLANG_WARN_DIRECT_OBJC_ISA_USAGE = YES_ERROR;
				CLANG_WARN_DOCUMENTATION_COMMENTS = YES;
				CLANG_WARN_EMPTY_BODY = YES;
				CLANG_WARN_ENUM_CONVERSION = YES;
				CLANG_WARN_INFINITE_RECURSION = YES;
				CLANG_WARN_INT_CONVERSION = YES;
				CLANG_WARN_NON_LITERAL_NULL_CONVERSION = YES;
				CLANG_WARN_OBJC_IMPLICIT_RETAIN_SELF = YES;
				CLANG_WARN_OBJC_LITERAL_CONVERSION = YES;
				CLANG_WARN_OBJC_ROOT_CLASS = YES_ERROR;
				CLANG_WARN_QUOTED_INCLUDE_IN_FRAMEWORK_HEADER = YES;
				CLANG_WARN_RANGE_LOOP_ANALYSIS = YES;
				CLANG_WARN_STRICT_PROTOTYPES = YES;
				CLANG_WARN_SUSPICIOUS_MOVE = YES;
				CLANG_WARN_UNGUARDED_AVAILABILITY = YES_AGGRESSIVE;
				CLANG_WARN_UNREACHABLE_CODE = YES;
				CLANG_WARN__DUPLICATE_METHOD_MATCH = YES;
				COPY_PHASE_STRIP = NO;
				DEBUG_INFORMATION_FORMAT = dwarf;
				ENABLE_STRICT_OBJC_MSGSEND = YES;
				ENABLE_TESTABILITY = YES;
				GCC_C_LANGUAGE_STANDARD = gnu11;
				GCC_DYNAMIC_NO_PIC = NO;
				GCC_NO_COMMON_BLOCKS = YES;
				GCC_OPTIMIZATION_LEVEL = 0;
				GCC_PREPROCESSOR_DEFINITIONS = (
					"$(inherited)",
					"DEBUG=1",
				);
				GCC_WARN_64_TO_32_BIT_CONVERSION = YES;
				GCC_WARN_ABOUT_RETURN_TYPE = YES_ERROR;
				GCC_WARN_UNDECLARED_SELECTOR = YES;
				GCC_WARN_UNINITIALIZED_AUTOS = YES_AGGRESSIVE;
				GCC_WARN_UNUSED_FUNCTION = YES;
				GCC_WARN_UNUSED_VARIABLE = YES;
				MTL_ENABLE_DEBUG_INFO = INCLUDE_SOURCE;
				MTL_FAST_MATH = YES;
				ONLY_ACTIVE_ARCH = YES;
				PRODUCT_NAME = "$(TARGET_NAME)";
				SDKROOT = macosx;
				SWIFT_ACTIVE_COMPILATION_CONDITIONS = DEBUG;
				SWIFT_OPTIMIZATION_LEVEL = "-Onone";
				SWIFT_VERSION = 5.0;
			};
			name = Debug;
		};
		601A0F77427175AC71B73E34 /* Release */ = {
			isa = XCBuildConfiguration;
			buildSettings = {
				ASSETCATALOG_COMPILER_APPICON_NAME = AppIcon;
				COMBINE_HIDPI_IMAGES = YES;
				CURRENT_PROJECT_VERSION = 1;
				INFOPLIST_FILE = SimEyes/Info.plist;
				LD_RUNPATH_SEARCH_PATHS = (
					"$(inherited)",
					"@executable_path/../Frameworks",
				);
				MACOSX_DEPLOYMENT_TARGET = 13.0;
				MARKETING_VERSION = 1.0.0;
				PRODUCT_BUNDLE_IDENTIFIER = com.github.mtj0928.SlideGen.SimEyes;
				SDKROOT = macosx;
				SUPPORTED_PLATFORMS = "iphoneos iphonesimulator macosx";
				SUPPORTS_MACCATALYST = NO;
				TARGETED_DEVICE_FAMILY = 2;
			};
			name = Release;
		};
		CD2E52F2B15812D996B8D555 /* Release */ = {
			isa = XCBuildConfiguration;
			buildSettings = {
				ALWAYS_SEARCH_USER_PATHS = NO;
				CLANG_ANALYZER_NONNULL = YES;
				CLANG_ANALYZER_NUMBER_OBJECT_CONVERSION = YES_AGGRESSIVE;
				CLANG_CXX_LANGUAGE_STANDARD = "gnu++14";
				CLANG_CXX_LIBRARY = "libc++";
				CLANG_ENABLE_MODULES = YES;
				CLANG_ENABLE_OBJC_ARC = YES;
				CLANG_ENABLE_OBJC_WEAK = YES;
				CLANG_WARN_BLOCK_CAPTURE_AUTORELEASING = YES;
				CLANG_WARN_BOOL_CONVERSION = YES;
				CLANG_WARN_COMMA = YES;
				CLANG_WARN_CONSTANT_CONVERSION = YES;
				CLANG_WARN_DEPRECATED_OBJC_IMPLEMENTATIONS = YES;
				CLANG_WARN_DIRECT_OBJC_ISA_USAGE = YES_ERROR;
				CLANG_WARN_DOCUMENTATION_COMMENTS = YES;
				CLANG_WARN_EMPTY_BODY = YES;
				CLANG_WARN_ENUM_CONVERSION = YES;
				CLANG_WARN_INFINITE_RECURSION = YES;
				CLANG_WARN_INT_CONVERSION = YES;
				CLANG_WARN_NON_LITERAL_NULL_CONVERSION = YES;
				CLANG_WARN_OBJC_IMPLICIT_RETAIN_SELF = YES;
				CLANG_WARN_OBJC_LITERAL_CONVERSION = YES;
				CLANG_WARN_OBJC_ROOT_CLASS = YES_ERROR;
				CLANG_WARN_QUOTED_INCLUDE_IN_FRAMEWORK_HEADER = YES;
				CLANG_WARN_RANGE_LOOP_ANALYSIS = YES;
				CLANG_WARN_STRICT_PROTOTYPES = YES;
				CLANG_WARN_SUSPICIOUS_MOVE = YES;
				CLANG_WARN_UNGUARDED_AVAILABILITY = YES_AGGRESSIVE;
				CLANG_WARN_UNREACHABLE_CODE = YES;
				CLANG_WARN__DUPLICATE_METHOD_MATCH = YES;
				COPY_PHASE_STRIP = NO;
				DEBUG_INFORMATION_FORMAT = "dwarf-with-dsym";
				ENABLE_NS_ASSERTIONS = NO;
				ENABLE_STRICT_OBJC_MSGSEND = YES;
				GCC_C_LANGUAGE_STANDARD = gnu11;
				GCC_NO_COMMON_BLOCKS = YES;
				GCC_WARN_64_TO_32_BIT_CONVERSION = YES;
				GCC_WARN_ABOUT_RETURN_TYPE = YES_ERROR;
				GCC_WARN_UNDECLARED_SELECTOR = YES;
				GCC_WARN_UNINITIALIZED_AUTOS = YES_AGGRESSIVE;
				GCC_WARN_UNUSED_FUNCTION = YES;
				GCC_WARN_UNUSED_VARIABLE = YES;
				MTL_ENABLE_DEBUG_INFO = NO;
				MTL_FAST_MATH = YES;
				PRODUCT_NAME = "$(TARGET_NAME)";
				SDKROOT = macosx;
				SWIFT_COMPILATION_MODE = wholemodule;
				SWIFT_OPTIMIZATION_LEVEL = "-O";
				SWIFT_VERSION = 5.0;
			};
			name = Release;
		};
/* End XCBuildConfiguration section */

/* Begin XCConfigurationList section */
		137AB46DBACBDA66AEF4F6B4 /* Build configuration list for PBXProject "SimEyes" */ = {
			isa = XCConfigurationList;
			buildConfigurations = (
				3FEFA3DD16D73952DFB15DB5 /* Debug */,
				CD2E52F2B15812D996B8D555 /* Release */,
			);
			defaultConfigurationIsVisible = 0;
			defaultConfigurationName = Debug;
		};
		C77A43F83B7D6782DF16A27B /* Build configuration list for PBXNativeTarget "SimEyes" */ = {
			isa = XCConfigurationList;
			buildConfigurations = (
				0C3643AC8E324866A2C0921D /* Debug */,
				601A0F77427175AC71B73E34 /* Release */,
			);
			defaultConfigurationIsVisible = 0;
			defaultConfigurationName = Debug;
		};
/* End XCConfigurationList section */

/* Begin XCRemoteSwiftPackageReference section */
		15BDD9452CCF883C0003D1DB /* XCRemoteSwiftPackageReference "SwiftSoup" */ = {
			isa = XCRemoteSwiftPackageReference;
			repositoryURL = "https://github.com/scinfu/SwiftSoup";
			requirement = {
				kind = upToNextMajorVersion;
				minimumVersion = 2.7.5;
			};
		};
		39197CFBE2B8F8FF040B1994 /* XCRemoteSwiftPackageReference "SlideKit" */ = {
			isa = XCRemoteSwiftPackageReference;
			repositoryURL = "https://github.com/mtj0928/SlideKit";
			requirement = {
				kind = upToNextMajorVersion;
				minimumVersion = 0.3.0;
			};
		};
/* End XCRemoteSwiftPackageReference section */

/* Begin XCSwiftPackageProductDependency section */
		15BDD9462CCF883C0003D1DB /* SwiftSoup */ = {
			isa = XCSwiftPackageProductDependency;
			package = 15BDD9452CCF883C0003D1DB /* XCRemoteSwiftPackageReference "SwiftSoup" */;
			productName = SwiftSoup;
		};
		AF9905DD1BC83BB7DC82D8E1 /* SlideKit */ = {
			isa = XCSwiftPackageProductDependency;
			package = 39197CFBE2B8F8FF040B1994 /* XCRemoteSwiftPackageReference "SlideKit" */;
			productName = SlideKit;
		};
/* End XCSwiftPackageProductDependency section */
	};
	rootObject = B86837B4853A9646EB1B4C64 /* Project object */;
}
