// !$*UTF8*$!
{
	archiveVersion = 1;
	classes = {
	};
	objectVersion = 52;
	objects = {

/* Begin PBXBuildFile section */
		15AB419E2CBCD0D900DC77F4 /* IntroductionSlide.swift in Sources */ = {isa = PBXBuildFile; fileRef = 15AB419D2CBCD0D900DC77F4 /* IntroductionSlide.swift */; };
		8C3F93843256F3BB2943A12E /* SampleSlide.swift in Sources */ = {isa = PBXBuildFile; fileRef = 0EF019860B34EE3F885FFC86 /* SampleSlide.swift */; };
		E12B38C2C668A6EBC4AA7840 /* SlideConfiguration.swift in Sources */ = {isa = PBXBuildFile; fileRef = 2519F22AB00801004A02D732 /* SlideConfiguration.swift */; };
		E72E8355844300F5A9BD6FF1 /* SlideKit in Frameworks */ = {isa = PBXBuildFile; productRef = AF9905DD1BC83BB7DC82D8E1 /* SlideKit */; };
		F369026F62A3146ACCD73B28 /* SimEyesApp.swift in Sources */ = {isa = PBXBuildFile; fileRef = 36F81C588A8D80A6E6C65AF8 /* SimEyesApp.swift */; };
/* End PBXBuildFile section */

/* Begin PBXFileReference section */
		0379A24BAF6762A255B62868 /* Info.plist */ = {isa = PBXFileReference; lastKnownFileType = text.plist; path = Info.plist; sourceTree = "<group>"; };
		0EF019860B34EE3F885FFC86 /* SampleSlide.swift */ = {isa = PBXFileReference; lastKnownFileType = sourcecode.swift; path = SampleSlide.swift; sourceTree = "<group>"; };
		15AB419D2CBCD0D900DC77F4 /* IntroductionSlide.swift */ = {isa = PBXFileReference; lastKnownFileType = sourcecode.swift; path = IntroductionSlide.swift; sourceTree = "<group>"; };
		2519F22AB00801004A02D732 /* SlideConfiguration.swift */ = {isa = PBXFileReference; lastKnownFileType = sourcecode.swift; path = SlideConfiguration.swift; sourceTree = "<group>"; };
		36F81C588A8D80A6E6C65AF8 /* SimEyesApp.swift */ = {isa = PBXFileReference; lastKnownFileType = sourcecode.swift; path = SimEyesApp.swift; sourceTree = "<group>"; };
		8C57C2BF2BAA9A4FDC59F493 /* SimEyes.app */ = {isa = PBXFileReference; explicitFileType = wrapper.application; includeInIndex = 0; path = SimEyes.app; sourceTree = BUILT_PRODUCTS_DIR; };
		EE1CA8BEDD06C796B730E855 /* SimEyes.entitlements */ = {isa = PBXFileReference; lastKnownFileType = text.plist.entitlements; path = SimEyes.entitlements; sourceTree = "<group>"; };
/* End PBXFileReference section */

/* Begin PBXFrameworksBuildPhase section */
		31B259D8B6A28E3E176F1FDB /* Frameworks */ = {
			isa = PBXFrameworksBuildPhase;
			buildActionMask = 2147483647;
			files = (
				E72E8355844300F5A9BD6FF1 /* SlideKit in Frameworks */,
			);
			runOnlyForDeploymentPostprocessing = 0;
		};
/* End PBXFrameworksBuildPhase section */

/* Begin PBXGroup section */
		1E57DB596D89A2372DE348F2 /* Products */ = {
			isa = PBXGroup;
			children = (
				8C57C2BF2BAA9A4FDC59F493 /* SimEyes.app */,
			);
			name = Products;
			sourceTree = "<group>";
		};
		74D2EC170C7528872B8A870E = {
			isa = PBXGroup;
			children = (
				D80A939884DD6624BC401660 /* SimEyes */,
				1E57DB596D89A2372DE348F2 /* Products */,
			);
			sourceTree = "<group>";
		};
		D80A939884DD6624BC401660 /* SimEyes */ = {
			isa = PBXGroup;
			children = (
				0379A24BAF6762A255B62868 /* Info.plist */,
				EE1CA8BEDD06C796B730E855 /* SimEyes.entitlements */,
				36F81C588A8D80A6E6C65AF8 /* SimEyesApp.swift */,
				2519F22AB00801004A02D732 /* SlideConfiguration.swift */,
				F6198E11A7A93E87B0E8CAEF /* Slides */,
			);
			path = SimEyes;
			sourceTree = "<group>";
		};
		F6198E11A7A93E87B0E8CAEF /* Slides */ = {
			isa = PBXGroup;
			children = (
				0EF019860B34EE3F885FFC86 /* SampleSlide.swift */,
				15AB419D2CBCD0D900DC77F4 /* IntroductionSlide.swift */,
			);
			path = Slides;
			sourceTree = "<group>";
		};
/* End PBXGroup section */

/* Begin PBXNativeTarget section */
		A057934109BA2B11CE7D55BE /* SimEyes */ = {
			isa = PBXNativeTarget;
			buildConfigurationList = C77A43F83B7D6782DF16A27B /* Build configuration list for PBXNativeTarget "SimEyes" */;
			buildPhases = (
				529BDED22A186AD8F4763C8D /* Sources */,
				31B259D8B6A28E3E176F1FDB /* Frameworks */,
			);
			buildRules = (
			);
			dependencies = (
			);
			name = SimEyes;
			packageProductDependencies = (
				AF9905DD1BC83BB7DC82D8E1 /* SlideKit */,
			);
			productName = SimEyes;
			productReference = 8C57C2BF2BAA9A4FDC59F493 /* SimEyes.app */;
			productType = "com.apple.product-type.application";
		};
/* End PBXNativeTarget section */

/* Begin PBXProject section */
		B86837B4853A9646EB1B4C64 /* Project object */ = {
			isa = PBXProject;
			attributes = {
				LastUpgradeCheck = 1200;
			};
			buildConfigurationList = 137AB46DBACBDA66AEF4F6B4 /* Build configuration list for PBXProject "SimEyes" */;
			compatibilityVersion = "Xcode 11.0";
			developmentRegion = en;
			hasScannedForEncodings = 0;
			knownRegions = (
				Base,
				en,
			);
			mainGroup = 74D2EC170C7528872B8A870E;
			packageReferences = (
				39197CFBE2B8F8FF040B1994 /* XCRemoteSwiftPackageReference "SlideKit" */,
			);
			projectDirPath = "";
			projectRoot = "";
			targets = (
				A057934109BA2B11CE7D55BE /* SimEyes */,
			);
		};
/* End PBXProject section */

/* Begin PBXSourcesBuildPhase section */
		529BDED22A186AD8F4763C8D /* Sources */ = {
			isa = PBXSourcesBuildPhase;
			buildActionMask = 2147483647;
			files = (
				8C3F93843256F3BB2943A12E /* SampleSlide.swift in Sources */,
				15AB419E2CBCD0D900DC77F4 /* IntroductionSlide.swift in Sources */,
				F369026F62A3146ACCD73B28 /* SimEyesApp.swift in Sources */,
				E12B38C2C668A6EBC4AA7840 /* SlideConfiguration.swift in Sources */,
			);
			runOnlyForDeploymentPostprocessing = 0;
		};
/* End PBXSourcesBuildPhase section */

/* Begin XCBuildConfiguration section */
		0C3643AC8E324866A2C0921D /* Debug */ = {
			isa = XCBuildConfiguration;
			buildSettings = {
				ASSETCATALOG_COMPILER_APPICON_NAME = AppIcon;
				COMBINE_HIDPI_IMAGES = YES;
				CURRENT_PROJECT_VERSION = 1;
				INFOPLIST_FILE = SimEyes/Info.plist;
				LD_RUNPATH_SEARCH_PATHS = (
					"$(inherited)",
					"@executable_path/../Frameworks",
				);
				MACOSX_DEPLOYMENT_TARGET = 12.0;
				MARKETING_VERSION = 1.0.0;
				PRODUCT_BUNDLE_IDENTIFIER = com.github.mtj0928.SlideGen.SimEyes;
				SDKROOT = macosx;
			};
			name = Debug;
		};
		3FEFA3DD16D73952DFB15DB5 /* Debug */ = {
			isa = XCBuildConfiguration;
			buildSettings = {
				ALWAYS_SEARCH_USER_PATHS = NO;
				CLANG_ANALYZER_NONNULL = YES;
				CLANG_ANALYZER_NUMBER_OBJECT_CONVERSION = YES_AGGRESSIVE;
				CLANG_CXX_LANGUAGE_STANDARD = "gnu++14";
				CLANG_CXX_LIBRARY = "libc++";
				CLANG_ENABLE_MODULES = YES;
				CLANG_ENABLE_OBJC_ARC = YES;
				CLANG_ENABLE_OBJC_WEAK = YES;
				CLANG_WARN_BLOCK_CAPTURE_AUTORELEASING = YES;
				CLANG_WARN_BOOL_CONVERSION = YES;
				CLANG_WARN_COMMA = YES;
				CLANG_WARN_CONSTANT_CONVERSION = YES;
				CLANG_WARN_DEPRECATED_OBJC_IMPLEMENTATIONS = YES;
				CLANG_WARN_DIRECT_OBJC_ISA_USAGE = YES_ERROR;
				CLANG_WARN_DOCUMENTATION_COMMENTS = YES;
				CLANG_WARN_EMPTY_BODY = YES;
				CLANG_WARN_ENUM_CONVERSION = YES;
				CLANG_WARN_INFINITE_RECURSION = YES;
				CLANG_WARN_INT_CONVERSION = YES;
				CLANG_WARN_NON_LITERAL_NULL_CONVERSION = YES;
				CLANG_WARN_OBJC_IMPLICIT_RETAIN_SELF = YES;
				CLANG_WARN_OBJC_LITERAL_CONVERSION = YES;
				CLANG_WARN_OBJC_ROOT_CLASS = YES_ERROR;
				CLANG_WARN_QUOTED_INCLUDE_IN_FRAMEWORK_HEADER = YES;
				CLANG_WARN_RANGE_LOOP_ANALYSIS = YES;
				CLANG_WARN_STRICT_PROTOTYPES = YES;
				CLANG_WARN_SUSPICIOUS_MOVE = YES;
				CLANG_WARN_UNGUARDED_AVAILABILITY = YES_AGGRESSIVE;
				CLANG_WARN_UNREACHABLE_CODE = YES;
				CLANG_WARN__DUPLICATE_METHOD_MATCH = YES;
				COPY_PHASE_STRIP = NO;
				DEBUG_INFORMATION_FORMAT = dwarf;
				ENABLE_STRICT_OBJC_MSGSEND = YES;
				ENABLE_TESTABILITY = YES;
				GCC_C_LANGUAGE_STANDARD = gnu11;
				GCC_DYNAMIC_NO_PIC = NO;
				GCC_NO_COMMON_BLOCKS = YES;
				GCC_OPTIMIZATION_LEVEL = 0;
				GCC_PREPROCESSOR_DEFINITIONS = (
					"$(inherited)",
					"DEBUG=1",
				);
				GCC_WARN_64_TO_32_BIT_CONVERSION = YES;
				GCC_WARN_ABOUT_RETURN_TYPE = YES_ERROR;
				GCC_WARN_UNDECLARED_SELECTOR = YES;
				GCC_WARN_UNINITIALIZED_AUTOS = YES_AGGRESSIVE;
				GCC_WARN_UNUSED_FUNCTION = YES;
				GCC_WARN_UNUSED_VARIABLE = YES;
				MTL_ENABLE_DEBUG_INFO = INCLUDE_SOURCE;
				MTL_FAST_MATH = YES;
				ONLY_ACTIVE_ARCH = YES;
				PRODUCT_NAME = "$(TARGET_NAME)";
				SDKROOT = macosx;
				SWIFT_ACTIVE_COMPILATION_CONDITIONS = DEBUG;
				SWIFT_OPTIMIZATION_LEVEL = "-Onone";
				SWIFT_VERSION = 5.0;
			};
			name = Debug;
		};
		601A0F77427175AC71B73E34 /* Release */ = {
			isa = XCBuildConfiguration;
			buildSettings = {
				ASSETCATALOG_COMPILER_APPICON_NAME = AppIcon;
				COMBINE_HIDPI_IMAGES = YES;
				CURRENT_PROJECT_VERSION = 1;
				INFOPLIST_FILE = SimEyes/Info.plist;
				LD_RUNPATH_SEARCH_PATHS = (
					"$(inherited)",
					"@executable_path/../Frameworks",
				);
				MACOSX_DEPLOYMENT_TARGET = 12.0;
				MARKETING_VERSION = 1.0.0;
				PRODUCT_BUNDLE_IDENTIFIER = com.github.mtj0928.SlideGen.SimEyes;
				SDKROOT = macosx;
			};
			name = Release;
		};
		CD2E52F2B15812D996B8D555 /* Release */ = {
			isa = XCBuildConfiguration;
			buildSettings = {
				ALWAYS_SEARCH_USER_PATHS = NO;
				CLANG_ANALYZER_NONNULL = YES;
				CLANG_ANALYZER_NUMBER_OBJECT_CONVERSION = YES_AGGRESSIVE;
				CLANG_CXX_LANGUAGE_STANDARD = "gnu++14";
				CLANG_CXX_LIBRARY = "libc++";
				CLANG_ENABLE_MODULES = YES;
				CLANG_ENABLE_OBJC_ARC = YES;
				CLANG_ENABLE_OBJC_WEAK = YES;
				CLANG_WARN_BLOCK_CAPTURE_AUTORELEASING = YES;
				CLANG_WARN_BOOL_CONVERSION = YES;
				CLANG_WARN_COMMA = YES;
				CLANG_WARN_CONSTANT_CONVERSION = YES;
				CLANG_WARN_DEPRECATED_OBJC_IMPLEMENTATIONS = YES;
				CLANG_WARN_DIRECT_OBJC_ISA_USAGE = YES_ERROR;
				CLANG_WARN_DOCUMENTATION_COMMENTS = YES;
				CLANG_WARN_EMPTY_BODY = YES;
				CLANG_WARN_ENUM_CONVERSION = YES;
				CLANG_WARN_INFINITE_RECURSION = YES;
				CLANG_WARN_INT_CONVERSION = YES;
				CLANG_WARN_NON_LITERAL_NULL_CONVERSION = YES;
				CLANG_WARN_OBJC_IMPLICIT_RETAIN_SELF = YES;
				CLANG_WARN_OBJC_LITERAL_CONVERSION = YES;
				CLANG_WARN_OBJC_ROOT_CLASS = YES_ERROR;
				CLANG_WARN_QUOTED_INCLUDE_IN_FRAMEWORK_HEADER = YES;
				CLANG_WARN_RANGE_LOOP_ANALYSIS = YES;
				CLANG_WARN_STRICT_PROTOTYPES = YES;
				CLANG_WARN_SUSPICIOUS_MOVE = YES;
				CLANG_WARN_UNGUARDED_AVAILABILITY = YES_AGGRESSIVE;
				CLANG_WARN_UNREACHABLE_CODE = YES;
				CLANG_WARN__DUPLICATE_METHOD_MATCH = YES;
				COPY_PHASE_STRIP = NO;
				DEBUG_INFORMATION_FORMAT = "dwarf-with-dsym";
				ENABLE_NS_ASSERTIONS = NO;
				ENABLE_STRICT_OBJC_MSGSEND = YES;
				GCC_C_LANGUAGE_STANDARD = gnu11;
				GCC_NO_COMMON_BLOCKS = YES;
				GCC_WARN_64_TO_32_BIT_CONVERSION = YES;
				GCC_WARN_ABOUT_RETURN_TYPE = YES_ERROR;
				GCC_WARN_UNDECLARED_SELECTOR = YES;
				GCC_WARN_UNINITIALIZED_AUTOS = YES_AGGRESSIVE;
				GCC_WARN_UNUSED_FUNCTION = YES;
				GCC_WARN_UNUSED_VARIABLE = YES;
				MTL_ENABLE_DEBUG_INFO = NO;
				MTL_FAST_MATH = YES;
				PRODUCT_NAME = "$(TARGET_NAME)";
				SDKROOT = macosx;
				SWIFT_COMPILATION_MODE = wholemodule;
				SWIFT_OPTIMIZATION_LEVEL = "-O";
				SWIFT_VERSION = 5.0;
			};
			name = Release;
		};
/* End XCBuildConfiguration section */

/* Begin XCConfigurationList section */
		137AB46DBACBDA66AEF4F6B4 /* Build configuration list for PBXProject "SimEyes" */ = {
			isa = XCConfigurationList;
			buildConfigurations = (
				3FEFA3DD16D73952DFB15DB5 /* Debug */,
				CD2E52F2B15812D996B8D555 /* Release */,
			);
			defaultConfigurationIsVisible = 0;
			defaultConfigurationName = Debug;
		};
		C77A43F83B7D6782DF16A27B /* Build configuration list for PBXNativeTarget "SimEyes" */ = {
			isa = XCConfigurationList;
			buildConfigurations = (
				0C3643AC8E324866A2C0921D /* Debug */,
				601A0F77427175AC71B73E34 /* Release */,
			);
			defaultConfigurationIsVisible = 0;
			defaultConfigurationName = Debug;
		};
/* End XCConfigurationList section */

/* Begin XCRemoteSwiftPackageReference section */
		39197CFBE2B8F8FF040B1994 /* XCRemoteSwiftPackageReference "SlideKit" */ = {
			isa = XCRemoteSwiftPackageReference;
			repositoryURL = "https://github.com/mtj0928/SlideKit";
			requirement = {
				kind = upToNextMajorVersion;
				minimumVersion = 0.3.0;
			};
		};
/* End XCRemoteSwiftPackageReference section */

/* Begin XCSwiftPackageProductDependency section */
		AF9905DD1BC83BB7DC82D8E1 /* SlideKit */ = {
			isa = XCSwiftPackageProductDependency;
			package = 39197CFBE2B8F8FF040B1994 /* XCRemoteSwiftPackageReference "SlideKit" */;
			productName = SlideKit;
		};
/* End XCSwiftPackageProductDependency section */
	};
	rootObject = B86837B4853A9646EB1B4C64 /* Project object */;
}
